// !$*UTF8*$!
{
	archiveVersion = 1;
	classes = {
	};
	objectVersion = 56;
	objects = {

/* Begin PBXBuildFile section */
		8EC5E5AC2AEA3BE400103C2C /* Helpers.swift in Sources */ = {isa = PBXBuildFile; fileRef = 8EC5E5AB2AEA3BE400103C2C /* Helpers.swift */; };
		8EC5E5B22AEA470500103C2C /* Animator.swift in Sources */ = {isa = PBXBuildFile; fileRef = 8EC5E5B12AEA46A600103C2C /* Animator.swift */; };
		8EC5E5B32AEA470800103C2C /* Animations.swift in Sources */ = {isa = PBXBuildFile; fileRef = 8EC5E5B02AEA46A300103C2C /* Animations.swift */; };
		8EDA6FF02AEA08FF00802385 /* AppDelegate.swift in Sources */ = {isa = PBXBuildFile; fileRef = 8EDA6FEF2AEA08FF00802385 /* AppDelegate.swift */; };
		8EDA6FF22AEA08FF00802385 /* SceneDelegate.swift in Sources */ = {isa = PBXBuildFile; fileRef = 8EDA6FF12AEA08FF00802385 /* SceneDelegate.swift */; };
		8EDA6FF42AEA08FF00802385 /* ViewController.swift in Sources */ = {isa = PBXBuildFile; fileRef = 8EDA6FF32AEA08FF00802385 /* ViewController.swift */; };
		8EDA6FF72AEA08FF00802385 /* Main.storyboard in Resources */ = {isa = PBXBuildFile; fileRef = 8EDA6FF52AEA08FF00802385 /* Main.storyboard */; };
		8EDA6FF92AEA090000802385 /* Assets.xcassets in Resources */ = {isa = PBXBuildFile; fileRef = 8EDA6FF82AEA090000802385 /* Assets.xcassets */; };
		8EDA6FFC2AEA090000802385 /* LaunchScreen.storyboard in Resources */ = {isa = PBXBuildFile; fileRef = 8EDA6FFA2AEA090000802385 /* LaunchScreen.storyboard */; };
		8EDA70072AEA090100802385 /* HightSchoolsTests.swift in Sources */ = {isa = PBXBuildFile; fileRef = 8EDA70062AEA090100802385 /* HightSchoolsTests.swift */; };
		8EDA70112AEA090100802385 /* HightSchoolsUITests.swift in Sources */ = {isa = PBXBuildFile; fileRef = 8EDA70102AEA090100802385 /* HightSchoolsUITests.swift */; };
		8EDA70132AEA090100802385 /* HightSchoolsUITestsLaunchTests.swift in Sources */ = {isa = PBXBuildFile; fileRef = 8EDA70122AEA090100802385 /* HightSchoolsUITestsLaunchTests.swift */; };
		8EDA70212AEA092700802385 /* HighSchoolVC.swift in Sources */ = {isa = PBXBuildFile; fileRef = 8EDA701F2AEA092700802385 /* HighSchoolVC.swift */; };
		8EDA70222AEA092700802385 /* HighSchoolVC.xib in Resources */ = {isa = PBXBuildFile; fileRef = 8EDA70202AEA092700802385 /* HighSchoolVC.xib */; };
		8EDA70242AEA094600802385 /* Models.swift in Sources */ = {isa = PBXBuildFile; fileRef = 8EDA70232AEA094600802385 /* Models.swift */; };
		8EDA70262AEA20BE00802385 /* ViewModel.swift in Sources */ = {isa = PBXBuildFile; fileRef = 8EDA70252AEA20BE00802385 /* ViewModel.swift */; };
		8EDA70292AEA330300802385 /* DetailViewVC.swift in Sources */ = {isa = PBXBuildFile; fileRef = 8EDA70272AEA330300802385 /* DetailViewVC.swift */; };
		8EDA702A2AEA330300802385 /* DetailViewVC.xib in Resources */ = {isa = PBXBuildFile; fileRef = 8EDA70282AEA330300802385 /* DetailViewVC.xib */; };
		8EDA70302AEA39E000802385 /* HomeCell.swift in Sources */ = {isa = PBXBuildFile; fileRef = 8EDA702E2AEA39E000802385 /* HomeCell.swift */; };
		8EDA70312AEA39E000802385 /* HomeCell.xib in Resources */ = {isa = PBXBuildFile; fileRef = 8EDA702F2AEA39E000802385 /* HomeCell.xib */; };
/* End PBXBuildFile section */

/* Begin PBXContainerItemProxy section */
		8EDA70032AEA090100802385 /* PBXContainerItemProxy */ = {
			isa = PBXContainerItemProxy;
			containerPortal = 8EDA6FE42AEA08FF00802385 /* Project object */;
			proxyType = 1;
			remoteGlobalIDString = 8EDA6FEB2AEA08FF00802385;
			remoteInfo = HightSchools;
		};
		8EDA700D2AEA090100802385 /* PBXContainerItemProxy */ = {
			isa = PBXContainerItemProxy;
			containerPortal = 8EDA6FE42AEA08FF00802385 /* Project object */;
			proxyType = 1;
			remoteGlobalIDString = 8EDA6FEB2AEA08FF00802385;
			remoteInfo = HightSchools;
		};
/* End PBXContainerItemProxy section */

/* Begin PBXFileReference section */
		8EC5E5AB2AEA3BE400103C2C /* Helpers.swift */ = {isa = PBXFileReference; lastKnownFileType = sourcecode.swift; path = Helpers.swift; sourceTree = "<group>"; };
		8EC5E5B02AEA46A300103C2C /* Animations.swift */ = {isa = PBXFileReference; lastKnownFileType = sourcecode.swift; path = Animations.swift; sourceTree = "<group>"; };
		8EC5E5B12AEA46A600103C2C /* Animator.swift */ = {isa = PBXFileReference; lastKnownFileType = sourcecode.swift; path = Animator.swift; sourceTree = "<group>"; };
		8EDA6FEC2AEA08FF00802385 /* HightSchools.app */ = {isa = PBXFileReference; explicitFileType = wrapper.application; includeInIndex = 0; path = HightSchools.app; sourceTree = BUILT_PRODUCTS_DIR; };
		8EDA6FEF2AEA08FF00802385 /* AppDelegate.swift */ = {isa = PBXFileReference; lastKnownFileType = sourcecode.swift; path = AppDelegate.swift; sourceTree = "<group>"; };
		8EDA6FF12AEA08FF00802385 /* SceneDelegate.swift */ = {isa = PBXFileReference; lastKnownFileType = sourcecode.swift; path = SceneDelegate.swift; sourceTree = "<group>"; };
		8EDA6FF32AEA08FF00802385 /* ViewController.swift */ = {isa = PBXFileReference; lastKnownFileType = sourcecode.swift; path = ViewController.swift; sourceTree = "<group>"; };
		8EDA6FF62AEA08FF00802385 /* Base */ = {isa = PBXFileReference; lastKnownFileType = file.storyboard; name = Base; path = Base.lproj/Main.storyboard; sourceTree = "<group>"; };
		8EDA6FF82AEA090000802385 /* Assets.xcassets */ = {isa = PBXFileReference; lastKnownFileType = folder.assetcatalog; path = Assets.xcassets; sourceTree = "<group>"; };
		8EDA6FFB2AEA090000802385 /* Base */ = {isa = PBXFileReference; lastKnownFileType = file.storyboard; name = Base; path = Base.lproj/LaunchScreen.storyboard; sourceTree = "<group>"; };
		8EDA6FFD2AEA090000802385 /* Info.plist */ = {isa = PBXFileReference; lastKnownFileType = text.plist.xml; path = Info.plist; sourceTree = "<group>"; };
		8EDA70022AEA090100802385 /* HightSchoolsTests.xctest */ = {isa = PBXFileReference; explicitFileType = wrapper.cfbundle; includeInIndex = 0; path = HightSchoolsTests.xctest; sourceTree = BUILT_PRODUCTS_DIR; };
		8EDA70062AEA090100802385 /* HightSchoolsTests.swift */ = {isa = PBXFileReference; lastKnownFileType = sourcecode.swift; path = HightSchoolsTests.swift; sourceTree = "<group>"; };
		8EDA700C2AEA090100802385 /* HightSchoolsUITests.xctest */ = {isa = PBXFileReference; explicitFileType = wrapper.cfbundle; includeInIndex = 0; path = HightSchoolsUITests.xctest; sourceTree = BUILT_PRODUCTS_DIR; };
		8EDA70102AEA090100802385 /* HightSchoolsUITests.swift */ = {isa = PBXFileReference; lastKnownFileType = sourcecode.swift; path = HightSchoolsUITests.swift; sourceTree = "<group>"; };
		8EDA70122AEA090100802385 /* HightSchoolsUITestsLaunchTests.swift */ = {isa = PBXFileReference; lastKnownFileType = sourcecode.swift; path = HightSchoolsUITestsLaunchTests.swift; sourceTree = "<group>"; };
		8EDA701F2AEA092700802385 /* HighSchoolVC.swift */ = {isa = PBXFileReference; lastKnownFileType = sourcecode.swift; path = HighSchoolVC.swift; sourceTree = "<group>"; };
		8EDA70202AEA092700802385 /* HighSchoolVC.xib */ = {isa = PBXFileReference; lastKnownFileType = file.xib; path = HighSchoolVC.xib; sourceTree = "<group>"; };
		8EDA70232AEA094600802385 /* Models.swift */ = {isa = PBXFileReference; lastKnownFileType = sourcecode.swift; path = Models.swift; sourceTree = "<group>"; };
		8EDA70252AEA20BE00802385 /* ViewModel.swift */ = {isa = PBXFileReference; lastKnownFileType = sourcecode.swift; path = ViewModel.swift; sourceTree = "<group>"; };
		8EDA70272AEA330300802385 /* DetailViewVC.swift */ = {isa = PBXFileReference; lastKnownFileType = sourcecode.swift; path = DetailViewVC.swift; sourceTree = "<group>"; };
		8EDA70282AEA330300802385 /* DetailViewVC.xib */ = {isa = PBXFileReference; lastKnownFileType = file.xib; path = DetailViewVC.xib; sourceTree = "<group>"; };
		8EDA702E2AEA39E000802385 /* HomeCell.swift */ = {isa = PBXFileReference; lastKnownFileType = sourcecode.swift; path = HomeCell.swift; sourceTree = "<group>"; };
		8EDA702F2AEA39E000802385 /* HomeCell.xib */ = {isa = PBXFileReference; lastKnownFileType = file.xib; path = HomeCell.xib; sourceTree = "<group>"; };
/* End PBXFileReference section */

/* Begin PBXFrameworksBuildPhase section */
		8EDA6FE92AEA08FF00802385 /* Frameworks */ = {
			isa = PBXFrameworksBuildPhase;
			buildActionMask = 2147483647;
			files = (
			);
			runOnlyForDeploymentPostprocessing = 0;
		};
		8EDA6FFF2AEA090100802385 /* Frameworks */ = {
			isa = PBXFrameworksBuildPhase;
			buildActionMask = 2147483647;
			files = (
			);
			runOnlyForDeploymentPostprocessing = 0;
		};
		8EDA70092AEA090100802385 /* Frameworks */ = {
			isa = PBXFrameworksBuildPhase;
			buildActionMask = 2147483647;
			files = (
			);
			runOnlyForDeploymentPostprocessing = 0;
		};
/* End PBXFrameworksBuildPhase section */

/* Begin PBXGroup section */
		8EA468892AEACC8900D2EAB4 /* Delegates Helpers */ = {
			isa = PBXGroup;
			children = (
				8EC5E5AB2AEA3BE400103C2C /* Helpers.swift */,
				8EDA6FEF2AEA08FF00802385 /* AppDelegate.swift */,
				8EDA6FF12AEA08FF00802385 /* SceneDelegate.swift */,
			);
			path = "Delegates Helpers";
			sourceTree = "<group>";
		};
		8EC5E5AF2AEA469400103C2C /* Animations */ = {
			isa = PBXGroup;
			children = (
				8EC5E5B12AEA46A600103C2C /* Animator.swift */,
				8EC5E5B02AEA46A300103C2C /* Animations.swift */,
			);
			path = Animations;
			sourceTree = "<group>";
		};
		8EDA6FE32AEA08FF00802385 = {
			isa = PBXGroup;
			children = (
				8EDA6FEE2AEA08FF00802385 /* HightSchools */,
				8EDA70052AEA090100802385 /* HightSchoolsTests */,
				8EDA700F2AEA090100802385 /* HightSchoolsUITests */,
				8EDA6FED2AEA08FF00802385 /* Products */,
			);
			sourceTree = "<group>";
		};
		8EDA6FED2AEA08FF00802385 /* Products */ = {
			isa = PBXGroup;
			children = (
				8EDA6FEC2AEA08FF00802385 /* HightSchools.app */,
				8EDA70022AEA090100802385 /* HightSchoolsTests.xctest */,
				8EDA700C2AEA090100802385 /* HightSchoolsUITests.xctest */,
			);
			name = Products;
			sourceTree = "<group>";
		};
		8EDA6FEE2AEA08FF00802385 /* HightSchools */ = {
			isa = PBXGroup;
			children = (
				8EC5E5AF2AEA469400103C2C /* Animations */,
				8EA468892AEACC8900D2EAB4 /* Delegates Helpers */,
				8EDA702D2AEA39C500802385 /* Cells */,
				8EDA702B2AEA36CB00802385 /* MVM */,
				8EDA702C2AEA36DA00802385 /* VC's */,
				8EDA6FF82AEA090000802385 /* Assets.xcassets */,
				8EDA6FFA2AEA090000802385 /* LaunchScreen.storyboard */,
				8EDA6FFD2AEA090000802385 /* Info.plist */,
			);
			path = HightSchools;
			sourceTree = "<group>";
		};
		8EDA70052AEA090100802385 /* HightSchoolsTests */ = {
			isa = PBXGroup;
			children = (
				8EDA70062AEA090100802385 /* HightSchoolsTests.swift */,
			);
			path = HightSchoolsTests;
			sourceTree = "<group>";
		};
		8EDA700F2AEA090100802385 /* HightSchoolsUITests */ = {
			isa = PBXGroup;
			children = (
				8EDA70102AEA090100802385 /* HightSchoolsUITests.swift */,
				8EDA70122AEA090100802385 /* HightSchoolsUITestsLaunchTests.swift */,
			);
			path = HightSchoolsUITests;
			sourceTree = "<group>";
		};
		8EDA702B2AEA36CB00802385 /* MVM */ = {
			isa = PBXGroup;
			children = (
				8EDA70232AEA094600802385 /* Models.swift */,
				8EDA70252AEA20BE00802385 /* ViewModel.swift */,
			);
			path = MVM;
			sourceTree = "<group>";
		};
		8EDA702C2AEA36DA00802385 /* VC's */ = {
			isa = PBXGroup;
			children = (
				8EDA701F2AEA092700802385 /* HighSchoolVC.swift */,
				8EDA70202AEA092700802385 /* HighSchoolVC.xib */,
				8EDA70272AEA330300802385 /* DetailViewVC.swift */,
				8EDA70282AEA330300802385 /* DetailViewVC.xib */,
				8EDA6FF52AEA08FF00802385 /* Main.storyboard */,
				8EDA6FF32AEA08FF00802385 /* ViewController.swift */,
			);
			path = "VC's";
			sourceTree = "<group>";
		};
		8EDA702D2AEA39C500802385 /* Cells */ = {
			isa = PBXGroup;
			children = (
				8EDA702E2AEA39E000802385 /* HomeCell.swift */,
				8EDA702F2AEA39E000802385 /* HomeCell.xib */,
			);
			path = Cells;
			sourceTree = "<group>";
		};
/* End PBXGroup section */

/* Begin PBXNativeTarget section */
		8EDA6FEB2AEA08FF00802385 /* HightSchools */ = {
			isa = PBXNativeTarget;
			buildConfigurationList = 8EDA70162AEA090100802385 /* Build configuration list for PBXNativeTarget "HightSchools" */;
			buildPhases = (
				8EDA6FE82AEA08FF00802385 /* Sources */,
				8EDA6FE92AEA08FF00802385 /* Frameworks */,
				8EDA6FEA2AEA08FF00802385 /* Resources */,
			);
			buildRules = (
			);
			dependencies = (
			);
			name = HightSchools;
			productName = HightSchools;
			productReference = 8EDA6FEC2AEA08FF00802385 /* HightSchools.app */;
			productType = "com.apple.product-type.application";
		};
		8EDA70012AEA090100802385 /* HightSchoolsTests */ = {
			isa = PBXNativeTarget;
			buildConfigurationList = 8EDA70192AEA090100802385 /* Build configuration list for PBXNativeTarget "HightSchoolsTests" */;
			buildPhases = (
				8EDA6FFE2AEA090100802385 /* Sources */,
				8EDA6FFF2AEA090100802385 /* Frameworks */,
				8EDA70002AEA090100802385 /* Resources */,
			);
			buildRules = (
			);
			dependencies = (
				8EDA70042AEA090100802385 /* PBXTargetDependency */,
			);
			name = HightSchoolsTests;
			productName = HightSchoolsTests;
			productReference = 8EDA70022AEA090100802385 /* HightSchoolsTests.xctest */;
			productType = "com.apple.product-type.bundle.unit-test";
		};
		8EDA700B2AEA090100802385 /* HightSchoolsUITests */ = {
			isa = PBXNativeTarget;
			buildConfigurationList = 8EDA701C2AEA090100802385 /* Build configuration list for PBXNativeTarget "HightSchoolsUITests" */;
			buildPhases = (
				8EDA70082AEA090100802385 /* Sources */,
				8EDA70092AEA090100802385 /* Frameworks */,
				8EDA700A2AEA090100802385 /* Resources */,
			);
			buildRules = (
			);
			dependencies = (
				8EDA700E2AEA090100802385 /* PBXTargetDependency */,
			);
			name = HightSchoolsUITests;
			productName = HightSchoolsUITests;
			productReference = 8EDA700C2AEA090100802385 /* HightSchoolsUITests.xctest */;
			productType = "com.apple.product-type.bundle.ui-testing";
		};
/* End PBXNativeTarget section */

/* Begin PBXProject section */
		8EDA6FE42AEA08FF00802385 /* Project object */ = {
			isa = PBXProject;
			attributes = {
				BuildIndependentTargetsInParallel = 1;
				LastSwiftUpdateCheck = 1420;
				LastUpgradeCheck = 1420;
				TargetAttributes = {
					8EDA6FEB2AEA08FF00802385 = {
						CreatedOnToolsVersion = 14.2;
					};
					8EDA70012AEA090100802385 = {
						CreatedOnToolsVersion = 14.2;
						TestTargetID = 8EDA6FEB2AEA08FF00802385;
					};
					8EDA700B2AEA090100802385 = {
						CreatedOnToolsVersion = 14.2;
						TestTargetID = 8EDA6FEB2AEA08FF00802385;
					};
				};
			};
			buildConfigurationList = 8EDA6FE72AEA08FF00802385 /* Build configuration list for PBXProject "HightSchools" */;
			compatibilityVersion = "Xcode 14.0";
			developmentRegion = en;
			hasScannedForEncodings = 0;
			knownRegions = (
				en,
				Base,
			);
			mainGroup = 8EDA6FE32AEA08FF00802385;
			productRefGroup = 8EDA6FED2AEA08FF00802385 /* Products */;
			projectDirPath = "";
			projectRoot = "";
			targets = (
				8EDA6FEB2AEA08FF00802385 /* HightSchools */,
				8EDA70012AEA090100802385 /* HightSchoolsTests */,
				8EDA700B2AEA090100802385 /* HightSchoolsUITests */,
			);
		};
/* End PBXProject section */

/* Begin PBXResourcesBuildPhase section */
		8EDA6FEA2AEA08FF00802385 /* Resources */ = {
			isa = PBXResourcesBuildPhase;
			buildActionMask = 2147483647;
			files = (
				8EDA6FFC2AEA090000802385 /* LaunchScreen.storyboard in Resources */,
				8EDA702A2AEA330300802385 /* DetailViewVC.xib in Resources */,
				8EDA6FF92AEA090000802385 /* Assets.xcassets in Resources */,
				8EDA70222AEA092700802385 /* HighSchoolVC.xib in Resources */,
				8EDA70312AEA39E000802385 /* HomeCell.xib in Resources */,
				8EDA6FF72AEA08FF00802385 /* Main.storyboard in Resources */,
			);
			runOnlyForDeploymentPostprocessing = 0;
		};
		8EDA70002AEA090100802385 /* Resources */ = {
			isa = PBXResourcesBuildPhase;
			buildActionMask = 2147483647;
			files = (
			);
			runOnlyForDeploymentPostprocessing = 0;
		};
		8EDA700A2AEA090100802385 /* Resources */ = {
			isa = PBXResourcesBuildPhase;
			buildActionMask = 2147483647;
			files = (
			);
			runOnlyForDeploymentPostprocessing = 0;
		};
/* End PBXResourcesBuildPhase section */

/* Begin PBXSourcesBuildPhase section */
		8EDA6FE82AEA08FF00802385 /* Sources */ = {
			isa = PBXSourcesBuildPhase;
			buildActionMask = 2147483647;
			files = (
				8EC5E5B32AEA470800103C2C /* Animations.swift in Sources */,
				8EC5E5B22AEA470500103C2C /* Animator.swift in Sources */,
				8EDA70292AEA330300802385 /* DetailViewVC.swift in Sources */,
				8EDA6FF42AEA08FF00802385 /* ViewController.swift in Sources */,
				8EDA70302AEA39E000802385 /* HomeCell.swift in Sources */,
				8EDA6FF02AEA08FF00802385 /* AppDelegate.swift in Sources */,
				8EC5E5AC2AEA3BE400103C2C /* Helpers.swift in Sources */,
				8EDA70212AEA092700802385 /* HighSchoolVC.swift in Sources */,
				8EDA6FF22AEA08FF00802385 /* SceneDelegate.swift in Sources */,
				8EDA70262AEA20BE00802385 /* ViewModel.swift in Sources */,
				8EDA70242AEA094600802385 /* Models.swift in Sources */,
			);
			runOnlyForDeploymentPostprocessing = 0;
		};
		8EDA6FFE2AEA090100802385 /* Sources */ = {
			isa = PBXSourcesBuildPhase;
			buildActionMask = 2147483647;
			files = (
				8EDA70072AEA090100802385 /* HightSchoolsTests.swift in Sources */,
			);
			runOnlyForDeploymentPostprocessing = 0;
		};
		8EDA70082AEA090100802385 /* Sources */ = {
			isa = PBXSourcesBuildPhase;
			buildActionMask = 2147483647;
			files = (
				8EDA70112AEA090100802385 /* HightSchoolsUITests.swift in Sources */,
				8EDA70132AEA090100802385 /* HightSchoolsUITestsLaunchTests.swift in Sources */,
			);
			runOnlyForDeploymentPostprocessing = 0;
		};
/* End PBXSourcesBuildPhase section */

/* Begin PBXTargetDependency section */
		8EDA70042AEA090100802385 /* PBXTargetDependency */ = {
			isa = PBXTargetDependency;
			target = 8EDA6FEB2AEA08FF00802385 /* HightSchools */;
			targetProxy = 8EDA70032AEA090100802385 /* PBXContainerItemProxy */;
		};
		8EDA700E2AEA090100802385 /* PBXTargetDependency */ = {
			isa = PBXTargetDependency;
			target = 8EDA6FEB2AEA08FF00802385 /* HightSchools */;
			targetProxy = 8EDA700D2AEA090100802385 /* PBXContainerItemProxy */;
		};
/* End PBXTargetDependency section */

/* Begin PBXVariantGroup section */
		8EDA6FF52AEA08FF00802385 /* Main.storyboard */ = {
			isa = PBXVariantGroup;
			children = (
				8EDA6FF62AEA08FF00802385 /* Base */,
			);
			name = Main.storyboard;
			sourceTree = "<group>";
		};
		8EDA6FFA2AEA090000802385 /* LaunchScreen.storyboard */ = {
			isa = PBXVariantGroup;
			children = (
				8EDA6FFB2AEA090000802385 /* Base */,
			);
			name = LaunchScreen.storyboard;
			sourceTree = "<group>";
		};
/* End PBXVariantGroup section */

/* Begin XCBuildConfiguration section */
		8EDA70142AEA090100802385 /* Debug */ = {
			isa = XCBuildConfiguration;
			buildSettings = {
				ALWAYS_SEARCH_USER_PATHS = NO;
				CLANG_ANALYZER_NONNULL = YES;
				CLANG_ANALYZER_NUMBER_OBJECT_CONVERSION = YES_AGGRESSIVE;
				CLANG_CXX_LANGUAGE_STANDARD = "gnu++20";
				CLANG_ENABLE_MODULES = YES;
				CLANG_ENABLE_OBJC_ARC = YES;
				CLANG_ENABLE_OBJC_WEAK = YES;
				CLANG_WARN_BLOCK_CAPTURE_AUTORELEASING = YES;
				CLANG_WARN_BOOL_CONVERSION = YES;
				CLANG_WARN_COMMA = YES;
				CLANG_WARN_CONSTANT_CONVERSION = YES;
				CLANG_WARN_DEPRECATED_OBJC_IMPLEMENTATIONS = YES;
				CLANG_WARN_DIRECT_OBJC_ISA_USAGE = YES_ERROR;
				CLANG_WARN_DOCUMENTATION_COMMENTS = YES;
				CLANG_WARN_EMPTY_BODY = YES;
				CLANG_WARN_ENUM_CONVERSION = YES;
				CLANG_WARN_INFINITE_RECURSION = YES;
				CLANG_WARN_INT_CONVERSION = YES;
				CLANG_WARN_NON_LITERAL_NULL_CONVERSION = YES;
				CLANG_WARN_OBJC_IMPLICIT_RETAIN_SELF = YES;
				CLANG_WARN_OBJC_LITERAL_CONVERSION = YES;
				CLANG_WARN_OBJC_ROOT_CLASS = YES_ERROR;
				CLANG_WARN_QUOTED_INCLUDE_IN_FRAMEWORK_HEADER = YES;
				CLANG_WARN_RANGE_LOOP_ANALYSIS = YES;
				CLANG_WARN_STRICT_PROTOTYPES = YES;
				CLANG_WARN_SUSPICIOUS_MOVE = YES;
				CLANG_WARN_UNGUARDED_AVAILABILITY = YES_AGGRESSIVE;
				CLANG_WARN_UNREACHABLE_CODE = YES;
				CLANG_WARN__DUPLICATE_METHOD_MATCH = YES;
				COPY_PHASE_STRIP = NO;
				DEBUG_INFORMATION_FORMAT = dwarf;
				ENABLE_STRICT_OBJC_MSGSEND = YES;
				ENABLE_TESTABILITY = YES;
				GCC_C_LANGUAGE_STANDARD = gnu11;
				GCC_DYNAMIC_NO_PIC = NO;
				GCC_NO_COMMON_BLOCKS = YES;
				GCC_OPTIMIZATION_LEVEL = 0;
				GCC_PREPROCESSOR_DEFINITIONS = (
					"DEBUG=1",
					"$(inherited)",
				);
				GCC_WARN_64_TO_32_BIT_CONVERSION = YES;
				GCC_WARN_ABOUT_RETURN_TYPE = YES_ERROR;
				GCC_WARN_UNDECLARED_SELECTOR = YES;
				GCC_WARN_UNINITIALIZED_AUTOS = YES_AGGRESSIVE;
				GCC_WARN_UNUSED_FUNCTION = YES;
				GCC_WARN_UNUSED_VARIABLE = YES;
				IPHONEOS_DEPLOYMENT_TARGET = 16.2;
				MTL_ENABLE_DEBUG_INFO = INCLUDE_SOURCE;
				MTL_FAST_MATH = YES;
				ONLY_ACTIVE_ARCH = YES;
				SDKROOT = iphoneos;
				SWIFT_ACTIVE_COMPILATION_CONDITIONS = DEBUG;
				SWIFT_OPTIMIZATION_LEVEL = "-Onone";
			};
			name = Debug;
		};
		8EDA70152AEA090100802385 /* Release */ = {
			isa = XCBuildConfiguration;
			buildSettings = {
				ALWAYS_SEARCH_USER_PATHS = NO;
				CLANG_ANALYZER_NONNULL = YES;
				CLANG_ANALYZER_NUMBER_OBJECT_CONVERSION = YES_AGGRESSIVE;
				CLANG_CXX_LANGUAGE_STANDARD = "gnu++20";
				CLANG_ENABLE_MODULES = YES;
				CLANG_ENABLE_OBJC_ARC = YES;
				CLANG_ENABLE_OBJC_WEAK = YES;
				CLANG_WARN_BLOCK_CAPTURE_AUTORELEASING = YES;
				CLANG_WARN_BOOL_CONVERSION = YES;
				CLANG_WARN_COMMA = YES;
				CLANG_WARN_CONSTANT_CONVERSION = YES;
				CLANG_WARN_DEPRECATED_OBJC_IMPLEMENTATIONS = YES;
				CLANG_WARN_DIRECT_OBJC_ISA_USAGE = YES_ERROR;
				CLANG_WARN_DOCUMENTATION_COMMENTS = YES;
				CLANG_WARN_EMPTY_BODY = YES;
				CLANG_WARN_ENUM_CONVERSION = YES;
				CLANG_WARN_INFINITE_RECURSION = YES;
				CLANG_WARN_INT_CONVERSION = YES;
				CLANG_WARN_NON_LITERAL_NULL_CONVERSION = YES;
				CLANG_WARN_OBJC_IMPLICIT_RETAIN_SELF = YES;
				CLANG_WARN_OBJC_LITERAL_CONVERSION = YES;
				CLANG_WARN_OBJC_ROOT_CLASS = YES_ERROR;
				CLANG_WARN_QUOTED_INCLUDE_IN_FRAMEWORK_HEADER = YES;
				CLANG_WARN_RANGE_LOOP_ANALYSIS = YES;
				CLANG_WARN_STRICT_PROTOTYPES = YES;
				CLANG_WARN_SUSPICIOUS_MOVE = YES;
				CLANG_WARN_UNGUARDED_AVAILABILITY = YES_AGGRESSIVE;
				CLANG_WARN_UNREACHABLE_CODE = YES;
				CLANG_WARN__DUPLICATE_METHOD_MATCH = YES;
				COPY_PHASE_STRIP = NO;
				DEBUG_INFORMATION_FORMAT = "dwarf-with-dsym";
				ENABLE_NS_ASSERTIONS = NO;
				ENABLE_STRICT_OBJC_MSGSEND = YES;
				GCC_C_LANGUAGE_STANDARD = gnu11;
				GCC_NO_COMMON_BLOCKS = YES;
				GCC_WARN_64_TO_32_BIT_CONVERSION = YES;
				GCC_WARN_ABOUT_RETURN_TYPE = YES_ERROR;
				GCC_WARN_UNDECLARED_SELECTOR = YES;
				GCC_WARN_UNINITIALIZED_AUTOS = YES_AGGRESSIVE;
				GCC_WARN_UNUSED_FUNCTION = YES;
				GCC_WARN_UNUSED_VARIABLE = YES;
				IPHONEOS_DEPLOYMENT_TARGET = 16.2;
				MTL_ENABLE_DEBUG_INFO = NO;
				MTL_FAST_MATH = YES;
				SDKROOT = iphoneos;
				SWIFT_COMPILATION_MODE = wholemodule;
				SWIFT_OPTIMIZATION_LEVEL = "-O";
				VALIDATE_PRODUCT = YES;
			};
			name = Release;
		};
		8EDA70172AEA090100802385 /* Debug */ = {
			isa = XCBuildConfiguration;
			buildSettings = {
				ASSETCATALOG_COMPILER_APPICON_NAME = AppIcon;
				ASSETCATALOG_COMPILER_GLOBAL_ACCENT_COLOR_NAME = AccentColor;
				CODE_SIGN_STYLE = Automatic;
				CURRENT_PROJECT_VERSION = 1;
				DEVELOPMENT_TEAM = 97T6QBSQGT;
				GENERATE_INFOPLIST_FILE = YES;
				INFOPLIST_FILE = HightSchools/Info.plist;
				INFOPLIST_KEY_UIApplicationSupportsIndirectInputEvents = YES;
				INFOPLIST_KEY_UILaunchStoryboardName = LaunchScreen;
				INFOPLIST_KEY_UIMainStoryboardFile = Main;
				INFOPLIST_KEY_UISupportedInterfaceOrientations = UIInterfaceOrientationPortrait;
				LD_RUNPATH_SEARCH_PATHS = (
					"$(inherited)",
					"@executable_path/Frameworks",
				);
				MARKETING_VERSION = 1.0;
				PRODUCT_BUNDLE_IDENTIFIER = "-23.HightSchools";
				PRODUCT_NAME = "$(TARGET_NAME)";
				SWIFT_EMIT_LOC_STRINGS = YES;
				SWIFT_VERSION = 5.0;
				TARGETED_DEVICE_FAMILY = "1,2";
			};
			name = Debug;
		};
		8EDA70182AEA090100802385 /* Release */ = {
			isa = XCBuildConfiguration;
			buildSettings = {
				ASSETCATALOG_COMPILER_APPICON_NAME = AppIcon;
				ASSETCATALOG_COMPILER_GLOBAL_ACCENT_COLOR_NAME = AccentColor;
				CODE_SIGN_STYLE = Automatic;
				CURRENT_PROJECT_VERSION = 1;
				DEVELOPMENT_TEAM = 97T6QBSQGT;
				GENERATE_INFOPLIST_FILE = YES;
				INFOPLIST_FILE = HightSchools/Info.plist;
				INFOPLIST_KEY_UIApplicationSupportsIndirectInputEvents = YES;
				INFOPLIST_KEY_UILaunchStoryboardName = LaunchScreen;
				INFOPLIST_KEY_UIMainStoryboardFile = Main;
				INFOPLIST_KEY_UISupportedInterfaceOrientations = UIInterfaceOrientationPortrait;
				LD_RUNPATH_SEARCH_PATHS = (
					"$(inherited)",
					"@executable_path/Frameworks",
				);
				MARKETING_VERSION = 1.0;
				PRODUCT_BUNDLE_IDENTIFIER = "-23.HightSchools";
				PRODUCT_NAME = "$(TARGET_NAME)";
				SWIFT_EMIT_LOC_STRINGS = YES;
				SWIFT_VERSION = 5.0;
				TARGETED_DEVICE_FAMILY = "1,2";
			};
			name = Release;
		};
		8EDA701A2AEA090100802385 /* Debug */ = {
			isa = XCBuildConfiguration;
			buildSettings = {
				ALWAYS_EMBED_SWIFT_STANDARD_LIBRARIES = YES;
				BUNDLE_LOADER = "$(TEST_HOST)";
				CODE_SIGN_STYLE = Automatic;
				CURRENT_PROJECT_VERSION = 1;
				DEVELOPMENT_TEAM = 97T6QBSQGT;
				GENERATE_INFOPLIST_FILE = YES;
				IPHONEOS_DEPLOYMENT_TARGET = 16.2;
				MARKETING_VERSION = 1.0;
				PRODUCT_BUNDLE_IDENTIFIER = "-23.HightSchoolsTests";
				PRODUCT_NAME = "$(TARGET_NAME)";
				SWIFT_EMIT_LOC_STRINGS = NO;
				SWIFT_VERSION = 5.0;
				TARGETED_DEVICE_FAMILY = "1,2";
				TEST_HOST = "$(BUILT_PRODUCTS_DIR)/HightSchools.app/$(BUNDLE_EXECUTABLE_FOLDER_PATH)/HightSchools";
			};
			name = Debug;
		};
		8EDA701B2AEA090100802385 /* Release */ = {
			isa = XCBuildConfiguration;
			buildSettings = {
				ALWAYS_EMBED_SWIFT_STANDARD_LIBRARIES = YES;
				BUNDLE_LOADER = "$(TEST_HOST)";
				CODE_SIGN_STYLE = Automatic;
				CURRENT_PROJECT_VERSION = 1;
				DEVELOPMENT_TEAM = 97T6QBSQGT;
				GENERATE_INFOPLIST_FILE = YES;
				IPHONEOS_DEPLOYMENT_TARGET = 16.2;
				MARKETING_VERSION = 1.0;
				PRODUCT_BUNDLE_IDENTIFIER = "-23.HightSchoolsTests";
				PRODUCT_NAME = "$(TARGET_NAME)";
				SWIFT_EMIT_LOC_STRINGS = NO;
				SWIFT_VERSION = 5.0;
				TARGETED_DEVICE_FAMILY = "1,2";
				TEST_HOST = "$(BUILT_PRODUCTS_DIR)/HightSchools.app/$(BUNDLE_EXECUTABLE_FOLDER_PATH)/HightSchools";
			};
			name = Release;
		};
		8EDA701D2AEA090100802385 /* Debug */ = {
			isa = XCBuildConfiguration;
			buildSettings = {
				ALWAYS_EMBED_SWIFT_STANDARD_LIBRARIES = YES;
				CODE_SIGN_STYLE = Automatic;
				CURRENT_PROJECT_VERSION = 1;
				DEVELOPMENT_TEAM = 97T6QBSQGT;
				GENERATE_INFOPLIST_FILE = YES;
				MARKETING_VERSION = 1.0;
				PRODUCT_BUNDLE_IDENTIFIER = "-23.HightSchoolsUITests";
				PRODUCT_NAME = "$(TARGET_NAME)";
				SWIFT_EMIT_LOC_STRINGS = NO;
				SWIFT_VERSION = 5.0;
				TARGETED_DEVICE_FAMILY = "1,2";
				TEST_TARGET_NAME = HightSchools;
			};
			name = Debug;
		};
		8EDA701E2AEA090100802385 /* Release */ = {
			isa = XCBuildConfiguration;
			buildSettings = {
				ALWAYS_EMBED_SWIFT_STANDARD_LIBRARIES = YES;
				CODE_SIGN_STYLE = Automatic;
				CURRENT_PROJECT_VERSION = 1;
				DEVELOPMENT_TEAM = 97T6QBSQGT;
				GENERATE_INFOPLIST_FILE = YES;
				MARKETING_VERSION = 1.0;
				PRODUCT_BUNDLE_IDENTIFIER = "-23.HightSchoolsUITests";
				PRODUCT_NAME = "$(TARGET_NAME)";
				SWIFT_EMIT_LOC_STRINGS = NO;
				SWIFT_VERSION = 5.0;
				TARGETED_DEVICE_FAMILY = "1,2";
				TEST_TARGET_NAME = HightSchools;
			};
			name = Release;
		};
/* End XCBuildConfiguration section */

/* Begin XCConfigurationList section */
		8EDA6FE72AEA08FF00802385 /* Build configuration list for PBXProject "HightSchools" */ = {
			isa = XCConfigurationList;
			buildConfigurations = (
				8EDA70142AEA090100802385 /* Debug */,
				8EDA70152AEA090100802385 /* Release */,
			);
			defaultConfigurationIsVisible = 0;
			defaultConfigurationName = Release;
		};
		8EDA70162AEA090100802385 /* Build configuration list for PBXNativeTarget "HightSchools" */ = {
			isa = XCConfigurationList;
			buildConfigurations = (
				8EDA70172AEA090100802385 /* Debug */,
				8EDA70182AEA090100802385 /* Release */,
			);
			defaultConfigurationIsVisible = 0;
			defaultConfigurationName = Release;
		};
		8EDA70192AEA090100802385 /* Build configuration list for PBXNativeTarget "HightSchoolsTests" */ = {
			isa = XCConfigurationList;
			buildConfigurations = (
				8EDA701A2AEA090100802385 /* Debug */,
				8EDA701B2AEA090100802385 /* Release */,
			);
			defaultConfigurationIsVisible = 0;
			defaultConfigurationName = Release;
		};
		8EDA701C2AEA090100802385 /* Build configuration list for PBXNativeTarget "HightSchoolsUITests" */ = {
			isa = XCConfigurationList;
			buildConfigurations = (
				8EDA701D2AEA090100802385 /* Debug */,
				8EDA701E2AEA090100802385 /* Release */,
			);
			defaultConfigurationIsVisible = 0;
			defaultConfigurationName = Release;
		};
/* End XCConfigurationList section */
	};
	rootObject = 8EDA6FE42AEA08FF00802385 /* Project object */;
}
